{
  "lockfileVersion": 1,
  "configVersion": 1,
  "workspaces": {
    "": {
      "name": "fantasy-football-app",
    },
    "packages/api": {
      "name": "api",
      "dependencies": {
        "@fantasy/shared": "workspace:*",
        "hono": "^4.12.33",
      },
      "devDependencies": {
        "@types/bun": "^1.3.14",
      },
    },
    "packages/shared": {
      "name": "@fantasy/shared",
      "devDependencies": {
        "@types/bun": "^1.3.14",
      },
    },
  },
  "packages": {
    "@fantasy/shared": ["@fantasy/shared@workspace:packages/shared"],

    "@types/bun": ["@types/bun@1.3.14", "", { "dependencies": { "bun-types": "1.3.14" } }, "sha512-h1hFqFVcvAvD9j9K7ZW7vd82aSA+rTdznZa+5bwvCwqSB1jmmfLcbIWhOLx1/+boy/xmjgCs/OMUL8hRJSmnPw=="],

    "@types/node": ["@types/node@26.1.2", "", { "dependencies": { "undici-types": "~8.3.0" } }, "sha512-Vu4a5UFA9rIIFJ7rB/Vaafh9lrCQszopTCx6KjFboXTGQbPNasehVR5TEiithSDGyd1DEiUByggTZsg8jukeIg=="],

    "api": ["api@workspace:packages/api"],

    "bun-types": ["bun-types@1.3.14", "", { "dependencies": { "@types/node": "*" } }, "sha512-4N0ig0fEomHt5R0KCFWjovxow98rIoRwKolrYdCcknNwMekCXRnWEUvgu5soYV8QXtVsrUD8B95MBOZGPvr6KQ=="],

    "hono": ["hono@4.12.33", "", {}, "sha512-+SwvkaiJtxsiPjhy9LivY/1m7UsNqCJetM1BrZl9A5DkQhlbHQDU730mMiDPWjnoCYOM8Chf3WrCJw27kNTPFQ=="],

    "undici-types": ["undici-types@8.3.0", "", {}, "sha512-j375ScV60dom+YkPFIfTLcOiPxkN/buHz5GobjLhixFuANaNs3C9l4GmrWqejgXWJ7BbJcFYpTEUkS1Ge8bpZQ=="],
  }
}
